
Microsoft Visual Studio Solution File, Format Version 12.00
# Visual Studio Version 17
VisualStudioVersion = 17.12.35514.174
MinimumVisualStudioVersion = 10.0.40219.1
Project("{FAE04EC0-301F-11D3-BF4B-00C04F79EFBC}") = "Contable.Api", "Contable.Api\Contable.Api.csproj", "{0BF07DF1-8148-42D3-8B25-6E3D56059B98}"
EndProject
Project("{FAE04EC0-301F-11D3-BF4B-00C04F79EFBC}") = "Contable.Infrastructure", "Contable.Infrastructure\Contable.Infrastructure.csproj", "{90046745-CC57-4446-BE05-131DE6B44E6F}"
EndProject
Project("{FAE04EC0-301F-11D3-BF4B-00C04F79EFBC}") = "Contable.Contractx", "Contable.Contractx\Contable.Contractx.csproj", "{80462D62-7B6D-475F-BEB9-520F957D65E7}"
EndProject
Project("{FAE04EC0-301F-11D3-BF4B-00C04F79EFBC}") = "Contable.Application", "Contable.Application\Contable.Application.csproj", "{D24F30D6-61B9-4624-9CBD-5705D868656B}"
EndProject
Project("{FAE04EC0-301F-11D3-BF4B-00C04F79EFBC}") = "Contable.Domain", "Contable.Domain\Contable.Domain.csproj", "{8124F80C-8DDB-4FDC-B4D9-518DD978C379}"
EndProject
Global
	GlobalSection(SolutionConfigurationPlatforms) = preSolution
		Debug|Any CPU = Debug|Any CPU
		Release|Any CPU = Release|Any CPU
	EndGlobalSection
	GlobalSection(ProjectConfigurationPlatforms) = postSolution
		{0BF07DF1-8148-42D3-8B25-6E3D56059B98}.Debug|Any CPU.ActiveCfg = Debug|Any CPU
		{0BF07DF1-8148-42D3-8B25-6E3D56059B98}.Debug|Any CPU.Build.0 = Debug|Any CPU
		{0BF07DF1-8148-42D3-8B25-6E3D56059B98}.Release|Any CPU.ActiveCfg = Release|Any CPU
		{0BF07DF1-8148-42D3-8B25-6E3D56059B98}.Release|Any CPU.Build.0 = Release|Any CPU
		{90046745-CC57-4446-BE05-131DE6B44E6F}.Debug|Any CPU.ActiveCfg = Debug|Any CPU
		{90046745-CC57-4446-BE05-131DE6B44E6F}.Debug|Any CPU.Build.0 = Debug|Any CPU
		{90046745-CC57-4446-BE05-131DE6B44E6F}.Release|Any CPU.ActiveCfg = Release|Any CPU
		{90046745-CC57-4446-BE05-131DE6B44E6F}.Release|Any CPU.Build.0 = Release|Any CPU
		{80462D62-7B6D-475F-BEB9-520F957D65E7}.Debug|Any CPU.ActiveCfg = Debug|Any CPU
		{80462D62-7B6D-475F-BEB9-520F957D65E7}.Debug|Any CPU.Build.0 = Debug|Any CPU
		{80462D62-7B6D-475F-BEB9-520F957D65E7}.Release|Any CPU.ActiveCfg = Release|Any CPU
		{80462D62-7B6D-475F-BEB9-520F957D65E7}.Release|Any CPU.Build.0 = Release|Any CPU
		{D24F30D6-61B9-4624-9CBD-5705D868656B}.Debug|Any CPU.ActiveCfg = Debug|Any CPU
		{D24F30D6-61B9-4624-9CBD-5705D868656B}.Debug|Any CPU.Build.0 = Debug|Any CPU
		{D24F30D6-61B9-4624-9CBD-5705D868656B}.Release|Any CPU.ActiveCfg = Release|Any CPU
		{D24F30D6-61B9-4624-9CBD-5705D868656B}.Release|Any CPU.Build.0 = Release|Any CPU
		{8124F80C-8DDB-4FDC-B4D9-518DD978C379}.Debug|Any CPU.ActiveCfg = Debug|Any CPU
		{8124F80C-8DDB-4FDC-B4D9-518DD978C379}.Debug|Any CPU.Build.0 = Debug|Any CPU
		{8124F80C-8DDB-4FDC-B4D9-518DD978C379}.Release|Any CPU.ActiveCfg = Release|Any CPU
		{8124F80C-8DDB-4FDC-B4D9-518DD978C379}.Release|Any CPU.Build.0 = Release|Any CPU
	EndGlobalSection
	GlobalSection(SolutionProperties) = preSolution
		HideSolutionNode = FALSE
	EndGlobalSection
EndGlobal
